// !$*UTF8*$!
{
	archiveVersion = 1;
	classes = {
	};
	objectVersion = 55;
	objects = {

/* Begin PBXBuildFile section */
		F2187C4227ACE80B00556034 /* foobarApp.swift in Sources */ = {isa = PBXBuildFile; fileRef = F2187C4127ACE80B00556034 /* foobarApp.swift */; };
		F2187C4427ACE80B00556034 /* ContentView.swift in Sources */ = {isa = PBXBuildFile; fileRef = F2187C4327ACE80B00556034 /* ContentView.swift */; };
		F2187C4627ACE80B00556034 /* Assets.xcassets in Resources */ = {isa = PBXBuildFile; fileRef = F2187C4527ACE80B00556034 /* Assets.xcassets */; };
		F2187C4927ACE80B00556034 /* Preview Assets.xcassets in Resources */ = {isa = PBXBuildFile; fileRef = F2187C4827ACE80B00556034 /* Preview Assets.xcassets */; };
		F2187C5327ACE80C00556034 /* foobarTests.swift in Sources */ = {isa = PBXBuildFile; fileRef = F2187C5227ACE80C00556034 /* foobarTests.swift */; };
		F2187C5D27ACE80C00556034 /* foobarUITests.swift in Sources */ = {isa = PBXBuildFile; fileRef = F2187C5C27ACE80C00556034 /* foobarUITests.swift */; };
		F2187C5F27ACE80C00556034 /* foobarUITestsLaunchTests.swift in Sources */ = {isa = PBXBuildFile; fileRef = F2187C5E27ACE80C00556034 /* foobarUITestsLaunchTests.swift */; };
/* End PBXBuildFile section */

/* Begin PBXContainerItemProxy section */
		F2187C4F27ACE80C00556034 /* PBXContainerItemProxy */ = {
			isa = PBXContainerItemProxy;
			containerPortal = F2187C3627ACE80B00556034 /* Project object */;
			proxyType = 1;
			remoteGlobalIDString = F2187C3D27ACE80B00556034;
			remoteInfo = foobar;
		};
		F2187C5927ACE80C00556034 /* PBXContainerItemProxy */ = {
			isa = PBXContainerItemProxy;
			containerPortal = F2187C3627ACE80B00556034 /* Project object */;
			proxyType = 1;
			remoteGlobalIDString = F2187C3D27ACE80B00556034;
			remoteInfo = foobar;
		};
/* End PBXContainerItemProxy section */

/* Begin PBXFileReference section */
		F2187C3E27ACE80B00556034 /* foobar.app */ = {isa = PBXFileReference; explicitFileType = wrapper.application; includeInIndex = 0; path = foobar.app; sourceTree = BUILT_PRODUCTS_DIR; };
		F2187C4127ACE80B00556034 /* foobarApp.swift */ = {isa = PBXFileReference; lastKnownFileType = sourcecode.swift; path = foobarApp.swift; sourceTree = "<group>"; };
		F2187C4327ACE80B00556034 /* ContentView.swift */ = {isa = PBXFileReference; lastKnownFileType = sourcecode.swift; path = ContentView.swift; sourceTree = "<group>"; };
		F2187C4527ACE80B00556034 /* Assets.xcassets */ = {isa = PBXFileReference; lastKnownFileType = folder.assetcatalog; path = Assets.xcassets; sourceTree = "<group>"; };
		F2187C4827ACE80B00556034 /* Preview Assets.xcassets */ = {isa = PBXFileReference; lastKnownFileType = folder.assetcatalog; path = "Preview Assets.xcassets"; sourceTree = "<group>"; };
		F2187C4E27ACE80C00556034 /* foobarTests.xctest */ = {isa = PBXFileReference; explicitFileType = wrapper.cfbundle; includeInIndex = 0; path = foobarTests.xctest; sourceTree = BUILT_PRODUCTS_DIR; };
		F2187C5227ACE80C00556034 /* foobarTests.swift */ = {isa = PBXFileReference; lastKnownFileType = sourcecode.swift; path = foobarTests.swift; sourceTree = "<group>"; };
		F2187C5827ACE80C00556034 /* foobarUITests.xctest */ = {isa = PBXFileReference; explicitFileType = wrapper.cfbundle; includeInIndex = 0; path = foobarUITests.xctest; sourceTree = BUILT_PRODUCTS_DIR; };
		F2187C5C27ACE80C00556034 /* foobarUITests.swift */ = {isa = PBXFileReference; lastKnownFileType = sourcecode.swift; path = foobarUITests.swift; sourceTree = "<group>"; };
		F2187C5E27ACE80C00556034 /* foobarUITestsLaunchTests.swift */ = {isa = PBXFileReference; lastKnownFileType = sourcecode.swift; path = foobarUITestsLaunchTests.swift; sourceTree = "<group>"; };
/* End PBXFileReference section */

/* Begin PBXFrameworksBuildPhase section */
		F2187C3B27ACE80B00556034 /* Frameworks */ = {
			isa = PBXFrameworksBuildPhase;
			buildActionMask = 2147483647;
			files = (
			);
			runOnlyForDeploymentPostprocessing = 0;
		};
		F2187C4B27ACE80C00556034 /* Frameworks */ = {
			isa = PBXFrameworksBuildPhase;
			buildActionMask = 2147483647;
			files = (
			);
			runOnlyForDeploymentPostprocessing = 0;
		};
		F2187C5527ACE80C00556034 /* Frameworks */ = {
			isa = PBXFrameworksBuildPhase;
			buildActionMask = 2147483647;
			files = (
			);
			runOnlyForDeploymentPostprocessing = 0;
		};
/* End PBXFrameworksBuildPhase section */

/* Begin PBXGroup section */
		F2187C3527ACE80B00556034 = {
			isa = PBXGroup;
			children = (
				F2187C4027ACE80B00556034 /* foobar */,
				F2187C5127ACE80C00556034 /* foobarTests */,
				F2187C5B27ACE80C00556034 /* foobarUITests */,
				F2187C3F27ACE80B00556034 /* Products */,
			);
			sourceTree = "<group>";
		};
		F2187C3F27ACE80B00556034 /* Products */ = {
			isa = PBXGroup;
			children = (
				F2187C3E27ACE80B00556034 /* foobar.app */,
				F2187C4E27ACE80C00556034 /* foobarTests.xctest */,
				F2187C5827ACE80C00556034 /* foobarUITests.xctest */,
			);
			name = Products;
			sourceTree = "<group>";
		};
		F2187C4027ACE80B00556034 /* foobar */ = {
			isa = PBXGroup;
			children = (
				F2187C4127ACE80B00556034 /* foobarApp.swift */,
				F2187C4327ACE80B00556034 /* ContentView.swift */,
				F2187C4527ACE80B00556034 /* Assets.xcassets */,
				F2187C4727ACE80B00556034 /* Preview Content */,
			);
			path = foobar;
			sourceTree = "<group>";
		};
		F2187C4727ACE80B00556034 /* Preview Content */ = {
			isa = PBXGroup;
			children = (
				F2187C4827ACE80B00556034 /* Preview Assets.xcassets */,
			);
			path = "Preview Content";
			sourceTree = "<group>";
		};
		F2187C5127ACE80C00556034 /* foobarTests */ = {
			isa = PBXGroup;
			children = (
				F2187C5227ACE80C00556034 /* foobarTests.swift */,
			);
			path = foobarTests;
			sourceTree = "<group>";
		};
		F2187C5B27ACE80C00556034 /* foobarUITests */ = {
			isa = PBXGroup;
			children = (
				F2187C5C27ACE80C00556034 /* foobarUITests.swift */,
				F2187C5E27ACE80C00556034 /* foobarUITestsLaunchTests.swift */,
			);
			path = foobarUITests;
			sourceTree = "<group>";
		};
/* End PBXGroup section */

/* Begin PBXNativeTarget section */
		F2187C3D27ACE80B00556034 /* foobar */ = {
			isa = PBXNativeTarget;
			buildConfigurationList = F2187C6227ACE80C00556034 /* Build configuration list for PBXNativeTarget "foobar" */;
			buildPhases = (
				F2187C3A27ACE80B00556034 /* Sources */,
				F2187C3B27ACE80B00556034 /* Frameworks */,
				F2187C3C27ACE80B00556034 /* Resources */,
			);
			buildRules = (
			);
			dependencies = (
			);
			name = foobar;
			productName = foobar;
			productReference = F2187C3E27ACE80B00556034 /* foobar.app */;
			productType = "com.apple.product-type.application";
		};
		F2187C4D27ACE80C00556034 /* foobarTests */ = {
			isa = PBXNativeTarget;
			buildConfigurationList = F2187C6527ACE80C00556034 /* Build configuration list for PBXNativeTarget "foobarTests" */;
			buildPhases = (
				F2187C4A27ACE80C00556034 /* Sources */,
				F2187C4B27ACE80C00556034 /* Frameworks */,
				F2187C4C27ACE80C00556034 /* Resources */,
			);
			buildRules = (
			);
			dependencies = (
				F2187C5027ACE80C00556034 /* PBXTargetDependency */,
			);
			name = foobarTests;
			productName = foobarTests;
			productReference = F2187C4E27ACE80C00556034 /* foobarTests.xctest */;
			productType = "com.apple.product-type.bundle.unit-test";
		};
		F2187C5727ACE80C00556034 /* foobarUITests */ = {
			isa = PBXNativeTarget;
			buildConfigurationList = F2187C6827ACE80C00556034 /* Build configuration list for PBXNativeTarget "foobarUITests" */;
			buildPhases = (
				F2187C5427ACE80C00556034 /* Sources */,
				F2187C5527ACE80C00556034 /* Frameworks */,
				F2187C5627ACE80C00556034 /* Resources */,
			);
			buildRules = (
			);
			dependencies = (
				F2187C5A27ACE80C00556034 /* PBXTargetDependency */,
			);
			name = foobarUITests;
			productName = foobarUITests;
			productReference = F2187C5827ACE80C00556034 /* foobarUITests.xctest */;
			productType = "com.apple.product-type.bundle.ui-testing";
		};
/* End PBXNativeTarget section */

/* Begin PBXProject section */
		F2187C3627ACE80B00556034 /* Project object */ = {
			isa = PBXProject;
			attributes = {
				BuildIndependentTargetsInParallel = 1;
				LastSwiftUpdateCheck = 1320;
				LastUpgradeCheck = 1320;
				TargetAttributes = {
					F2187C3D27ACE80B00556034 = {
						CreatedOnToolsVersion = 13.2.1;
					};
					F2187C4D27ACE80C00556034 = {
						CreatedOnToolsVersion = 13.2.1;
						TestTargetID = F2187C3D27ACE80B00556034;
					};
					F2187C5727ACE80C00556034 = {
						CreatedOnToolsVersion = 13.2.1;
						TestTargetID = F2187C3D27ACE80B00556034;
					};
				};
			};
			buildConfigurationList = F2187C3927ACE80B00556034 /* Build configuration list for PBXProject "foobar" */;
			compatibilityVersion = "Xcode 13.0";
			developmentRegion = en;
			hasScannedForEncodings = 0;
			knownRegions = (
				en,
				Base,
			);
			mainGroup = F2187C3527ACE80B00556034;
			productRefGroup = F2187C3F27ACE80B00556034 /* Products */;
			projectDirPath = "";
			projectRoot = "";
			targets = (
				F2187C3D27ACE80B00556034 /* foobar */,
				F2187C4D27ACE80C00556034 /* foobarTests */,
				F2187C5727ACE80C00556034 /* foobarUITests */,
			);
		};
/* End PBXProject section */

/* Begin PBXResourcesBuildPhase section */
		F2187C3C27ACE80B00556034 /* Resources */ = {
			isa = PBXResourcesBuildPhase;
			buildActionMask = 2147483647;
			files = (
				F2187C4927ACE80B00556034 /* Preview Assets.xcassets in Resources */,
				F2187C4627ACE80B00556034 /* Assets.xcassets in Resources */,
			);
			runOnlyForDeploymentPostprocessing = 0;
		};
		F2187C4C27ACE80C00556034 /* Resources */ = {
			isa = PBXResourcesBuildPhase;
			buildActionMask = 2147483647;
			files = (
			);
			runOnlyForDeploymentPostprocessing = 0;
		};
		F2187C5627ACE80C00556034 /* Resources */ = {
			isa = PBXResourcesBuildPhase;
			buildActionMask = 2147483647;
			files = (
			);
			runOnlyForDeploymentPostprocessing = 0;
		};
/* End PBXResourcesBuildPhase section */

/* Begin PBXSourcesBuildPhase section */
		F2187C3A27ACE80B00556034 /* Sources */ = {
			isa = PBXSourcesBuildPhase;
			buildActionMask = 2147483647;
			files = (
				F2187C4427ACE80B00556034 /* ContentView.swift in Sources */,
				F2187C4227ACE80B00556034 /* foobarApp.swift in Sources */,
			);
			runOnlyForDeploymentPostprocessing = 0;
		};
		F2187C4A27ACE80C00556034 /* Sources */ = {
			isa = PBXSourcesBuildPhase;
			buildActionMask = 2147483647;
			files = (
				F2187C5327ACE80C00556034 /* foobarTests.swift in Sources */,
			);
			runOnlyForDeploymentPostprocessing = 0;
		};
		F2187C5427ACE80C00556034 /* Sources */ = {
			isa = PBXSourcesBuildPhase;
			buildActionMask = 2147483647;
			files = (
				F2187C5D27ACE80C00556034 /* foobarUITests.swift in Sources */,
				F2187C5F27ACE80C00556034 /* foobarUITestsLaunchTests.swift in Sources */,
			);
			runOnlyForDeploymentPostprocessing = 0;
		};
/* End PBXSourcesBuildPhase section */

/* Begin PBXTargetDependency section */
		F2187C5027ACE80C00556034 /* PBXTargetDependency */ = {
			isa = PBXTargetDependency;
			target = F2187C3D27ACE80B00556034 /* foobar */;
			targetProxy = F2187C4F27ACE80C00556034 /* PBXContainerItemProxy */;
		};
		F2187C5A27ACE80C00556034 /* PBXTargetDependency */ = {
			isa = PBXTargetDependency;
			target = F2187C3D27ACE80B00556034 /* foobar */;
			targetProxy = F2187C5927ACE80C00556034 /* PBXContainerItemProxy */;
		};
/* End PBXTargetDependency section */

/* Begin XCBuildConfiguration section */
		F2187C6027ACE80C00556034 /* Debug */ = {
			isa = XCBuildConfiguration;
			buildSettings = {
				ALWAYS_SEARCH_USER_PATHS = NO;
				CLANG_ANALYZER_NONNULL = YES;
				CLANG_ANALYZER_NUMBER_OBJECT_CONVERSION = YES_AGGRESSIVE;
				CLANG_CXX_LANGUAGE_STANDARD = "gnu++17";
				CLANG_CXX_LIBRARY = "libc++";
				CLANG_ENABLE_MODULES = YES;
				CLANG_ENABLE_OBJC_ARC = YES;
				CLANG_ENABLE_OBJC_WEAK = YES;
				CLANG_WARN_BLOCK_CAPTURE_AUTORELEASING = YES;
				CLANG_WARN_BOOL_CONVERSION = YES;
				CLANG_WARN_COMMA = YES;
				CLANG_WARN_CONSTANT_CONVERSION = YES;
				CLANG_WARN_DEPRECATED_OBJC_IMPLEMENTATIONS = YES;
				CLANG_WARN_DIRECT_OBJC_ISA_USAGE = YES_ERROR;
				CLANG_WARN_DOCUMENTATION_COMMENTS = YES;
				CLANG_WARN_EMPTY_BODY = YES;
				CLANG_WARN_ENUM_CONVERSION = YES;
				CLANG_WARN_INFINITE_RECURSION = YES;
				CLANG_WARN_INT_CONVERSION = YES;
				CLANG_WARN_NON_LITERAL_NULL_CONVERSION = YES;
				CLANG_WARN_OBJC_IMPLICIT_RETAIN_SELF = YES;
				CLANG_WARN_OBJC_LITERAL_CONVERSION = YES;
				CLANG_WARN_OBJC_ROOT_CLASS = YES_ERROR;
				CLANG_WARN_QUOTED_INCLUDE_IN_FRAMEWORK_HEADER = YES;
				CLANG_WARN_RANGE_LOOP_ANALYSIS = YES;
				CLANG_WARN_STRICT_PROTOTYPES = YES;
				CLANG_WARN_SUSPICIOUS_MOVE = YES;
				CLANG_WARN_UNGUARDED_AVAILABILITY = YES_AGGRESSIVE;
				CLANG_WARN_UNREACHABLE_CODE = YES;
				CLANG_WARN__DUPLICATE_METHOD_MATCH = YES;
				COPY_PHASE_STRIP = NO;
				DEBUG_INFORMATION_FORMAT = dwarf;
				ENABLE_STRICT_OBJC_MSGSEND = YES;
				ENABLE_TESTABILITY = YES;
				GCC_C_LANGUAGE_STANDARD = gnu11;
				GCC_DYNAMIC_NO_PIC = NO;
				GCC_NO_COMMON_BLOCKS = YES;
				GCC_OPTIMIZATION_LEVEL = 0;
				GCC_PREPROCESSOR_DEFINITIONS = (
					"DEBUG=1",
					"$(inherited)",
				);
				GCC_WARN_64_TO_32_BIT_CONVERSION = YES;
				GCC_WARN_ABOUT_RETURN_TYPE = YES_ERROR;
				GCC_WARN_UNDECLARED_SELECTOR = YES;
				GCC_WARN_UNINITIALIZED_AUTOS = YES_AGGRESSIVE;
				GCC_WARN_UNUSED_FUNCTION = YES;
				GCC_WARN_UNUSED_VARIABLE = YES;
				IPHONEOS_DEPLOYMENT_TARGET = 15.2;
				MTL_ENABLE_DEBUG_INFO = INCLUDE_SOURCE;
				MTL_FAST_MATH = YES;
				ONLY_ACTIVE_ARCH = YES;
				SDKROOT = iphoneos;
				SWIFT_ACTIVE_COMPILATION_CONDITIONS = DEBUG;
				SWIFT_OPTIMIZATION_LEVEL = "-Onone";
			};
			name = Debug;
		};
		F2187C6127ACE80C00556034 /* Release */ = {
			isa = XCBuildConfiguration;
			buildSettings = {
				ALWAYS_SEARCH_USER_PATHS = NO;
				CLANG_ANALYZER_NONNULL = YES;
				CLANG_ANALYZER_NUMBER_OBJECT_CONVERSION = YES_AGGRESSIVE;
				CLANG_CXX_LANGUAGE_STANDARD = "gnu++17";
				CLANG_CXX_LIBRARY = "libc++";
				CLANG_ENABLE_MODULES = YES;
				CLANG_ENABLE_OBJC_ARC = YES;
				CLANG_ENABLE_OBJC_WEAK = YES;
				CLANG_WARN_BLOCK_CAPTURE_AUTORELEASING = YES;
				CLANG_WARN_BOOL_CONVERSION = YES;
				CLANG_WARN_COMMA = YES;
				CLANG_WARN_CONSTANT_CONVERSION = YES;
				CLANG_WARN_DEPRECATED_OBJC_IMPLEMENTATIONS = YES;
				CLANG_WARN_DIRECT_OBJC_ISA_USAGE = YES_ERROR;
				CLANG_WARN_DOCUMENTATION_COMMENTS = YES;
				CLANG_WARN_EMPTY_BODY = YES;
				CLANG_WARN_ENUM_CONVERSION = YES;
				CLANG_WARN_INFINITE_RECURSION = YES;
				CLANG_WARN_INT_CONVERSION = YES;
				CLANG_WARN_NON_LITERAL_NULL_CONVERSION = YES;
				CLANG_WARN_OBJC_IMPLICIT_RETAIN_SELF = YES;
				CLANG_WARN_OBJC_LITERAL_CONVERSION = YES;
				CLANG_WARN_OBJC_ROOT_CLASS = YES_ERROR;
				CLANG_WARN_QUOTED_INCLUDE_IN_FRAMEWORK_HEADER = YES;
				CLANG_WARN_RANGE_LOOP_ANALYSIS = YES;
				CLANG_WARN_STRICT_PROTOTYPES = YES;
				CLANG_WARN_SUSPICIOUS_MOVE = YES;
				CLANG_WARN_UNGUARDED_AVAILABILITY = YES_AGGRESSIVE;
				CLANG_WARN_UNREACHABLE_CODE = YES;
				CLANG_WARN__DUPLICATE_METHOD_MATCH = YES;
				COPY_PHASE_STRIP = NO;
				DEBUG_INFORMATION_FORMAT = "dwarf-with-dsym";
				ENABLE_NS_ASSERTIONS = NO;
				ENABLE_STRICT_OBJC_MSGSEND = YES;
				GCC_C_LANGUAGE_STANDARD = gnu11;
				GCC_NO_COMMON_BLOCKS = YES;
				GCC_WARN_64_TO_32_BIT_CONVERSION = YES;
				GCC_WARN_ABOUT_RETURN_TYPE = YES_ERROR;
				GCC_WARN_UNDECLARED_SELECTOR = YES;
				GCC_WARN_UNINITIALIZED_AUTOS = YES_AGGRESSIVE;
				GCC_WARN_UNUSED_FUNCTION = YES;
				GCC_WARN_UNUSED_VARIABLE = YES;
				IPHONEOS_DEPLOYMENT_TARGET = 15.2;
				MTL_ENABLE_DEBUG_INFO = NO;
				MTL_FAST_MATH = YES;
				SDKROOT = iphoneos;
				SWIFT_COMPILATION_MODE = wholemodule;
				SWIFT_OPTIMIZATION_LEVEL = "-O";
				VALIDATE_PRODUCT = YES;
			};
			name = Release;
		};
		F2187C6327ACE80C00556034 /* Debug */ = {
			isa = XCBuildConfiguration;
			buildSettings = {
				ASSETCATALOG_COMPILER_APPICON_NAME = AppIcon;
				ASSETCATALOG_COMPILER_GLOBAL_ACCENT_COLOR_NAME = AccentColor;
				CODE_SIGN_STYLE = Automatic;
				CURRENT_PROJECT_VERSION = 1;
				DEVELOPMENT_ASSET_PATHS = "\"foobar/Preview Content\"";
				ENABLE_PREVIEWS = YES;
				GENERATE_INFOPLIST_FILE = YES;
				INFOPLIST_KEY_UIApplicationSceneManifest_Generation = YES;
				INFOPLIST_KEY_UIApplicationSupportsIndirectInputEvents = YES;
				INFOPLIST_KEY_UILaunchScreen_Generation = YES;
				INFOPLIST_KEY_UISupportedInterfaceOrientations_iPad = "UIInterfaceOrientationPortrait UIInterfaceOrientationPortraitUpsideDown UIInterfaceOrientationLandscapeLeft UIInterfaceOrientationLandscapeRight";
				INFOPLIST_KEY_UISupportedInterfaceOrientations_iPhone = "UIInterfaceOrientationPortrait UIInterfaceOrientationLandscapeLeft UIInterfaceOrientationLandscapeRight";
				LD_RUNPATH_SEARCH_PATHS = (
					"$(inherited)",
					"@executable_path/Frameworks",
				);
				MARKETING_VERSION = 1.0;
				PRODUCT_BUNDLE_IDENTIFIER = net.maqbool.foobar;
				PRODUCT_NAME = "$(TARGET_NAME)";
				SWIFT_EMIT_LOC_STRINGS = YES;
				SWIFT_VERSION = 5.0;
				TARGETED_DEVICE_FAMILY = "1,2";
			};
			name = Debug;
		};
		F2187C6427ACE80C00556034 /* Release */ = {
			isa = XCBuildConfiguration;
			buildSettings = {
				ASSETCATALOG_COMPILER_APPICON_NAME = AppIcon;
				ASSETCATALOG_COMPILER_GLOBAL_ACCENT_COLOR_NAME = AccentColor;
				CODE_SIGN_STYLE = Automatic;
				CURRENT_PROJECT_VERSION = 1;
				DEVELOPMENT_ASSET_PATHS = "\"foobar/Preview Content\"";
				ENABLE_PREVIEWS = YES;
				GENERATE_INFOPLIST_FILE = YES;
				INFOPLIST_KEY_UIApplicationSceneManifest_Generation = YES;
				INFOPLIST_KEY_UIApplicationSupportsIndirectInputEvents = YES;
				INFOPLIST_KEY_UILaunchScreen_Generation = YES;
				INFOPLIST_KEY_UISupportedInterfaceOrientations_iPad = "UIInterfaceOrientationPortrait UIInterfaceOrientationPortraitUpsideDown UIInterfaceOrientationLandscapeLeft UIInterfaceOrientationLandscapeRight";
				INFOPLIST_KEY_UISupportedInterfaceOrientations_iPhone = "UIInterfaceOrientationPortrait UIInterfaceOrientationLandscapeLeft UIInterfaceOrientationLandscapeRight";
				LD_RUNPATH_SEARCH_PATHS = (
					"$(inherited)",
					"@executable_path/Frameworks",
				);
				MARKETING_VERSION = 1.0;
				PRODUCT_BUNDLE_IDENTIFIER = net.maqbool.foobar;
				PRODUCT_NAME = "$(TARGET_NAME)";
				SWIFT_EMIT_LOC_STRINGS = YES;
				SWIFT_VERSION = 5.0;
				TARGETED_DEVICE_FAMILY = "1,2";
			};
			name = Release;
		};
		F2187C6627ACE80C00556034 /* Debug */ = {
			isa = XCBuildConfiguration;
			buildSettings = {
				ALWAYS_EMBED_SWIFT_STANDARD_LIBRARIES = YES;
				BUNDLE_LOADER = "$(TEST_HOST)";
				CODE_SIGN_STYLE = Automatic;
				CURRENT_PROJECT_VERSION = 1;
				GENERATE_INFOPLIST_FILE = YES;
				IPHONEOS_DEPLOYMENT_TARGET = 15.2;
				MARKETING_VERSION = 1.0;
				PRODUCT_BUNDLE_IDENTIFIER = net.maqbool.foobarTests;
				PRODUCT_NAME = "$(TARGET_NAME)";
				SWIFT_EMIT_LOC_STRINGS = NO;
				SWIFT_VERSION = 5.0;
				TARGETED_DEVICE_FAMILY = "1,2";
				TEST_HOST = "$(BUILT_PRODUCTS_DIR)/foobar.app/foobar";
			};
			name = Debug;
		};
		F2187C6727ACE80C00556034 /* Release */ = {
			isa = XCBuildConfiguration;
			buildSettings = {
				ALWAYS_EMBED_SWIFT_STANDARD_LIBRARIES = YES;
				BUNDLE_LOADER = "$(TEST_HOST)";
				CODE_SIGN_STYLE = Automatic;
				CURRENT_PROJECT_VERSION = 1;
				GENERATE_INFOPLIST_FILE = YES;
				IPHONEOS_DEPLOYMENT_TARGET = 15.2;
				MARKETING_VERSION = 1.0;
				PRODUCT_BUNDLE_IDENTIFIER = net.maqbool.foobarTests;
				PRODUCT_NAME = "$(TARGET_NAME)";
				SWIFT_EMIT_LOC_STRINGS = NO;
				SWIFT_VERSION = 5.0;
				TARGETED_DEVICE_FAMILY = "1,2";
				TEST_HOST = "$(BUILT_PRODUCTS_DIR)/foobar.app/foobar";
			};
			name = Release;
		};
		F2187C6927ACE80C00556034 /* Debug */ = {
			isa = XCBuildConfiguration;
			buildSettings = {
				ALWAYS_EMBED_SWIFT_STANDARD_LIBRARIES = YES;
				CODE_SIGN_STYLE = Automatic;
				CURRENT_PROJECT_VERSION = 1;
				GENERATE_INFOPLIST_FILE = YES;
				MARKETING_VERSION = 1.0;
				PRODUCT_BUNDLE_IDENTIFIER = net.maqbool.foobarUITests;
				PRODUCT_NAME = "$(TARGET_NAME)";
				SWIFT_EMIT_LOC_STRINGS = NO;
				SWIFT_VERSION = 5.0;
				TARGETED_DEVICE_FAMILY = "1,2";
				TEST_TARGET_NAME = foobar;
			};
			name = Debug;
		};
		F2187C6A27ACE80C00556034 /* Release */ = {
			isa = XCBuildConfiguration;
			buildSettings = {
				ALWAYS_EMBED_SWIFT_STANDARD_LIBRARIES = YES;
				CODE_SIGN_STYLE = Automatic;
				CURRENT_PROJECT_VERSION = 1;
				GENERATE_INFOPLIST_FILE = YES;
				MARKETING_VERSION = 1.0;
				PRODUCT_BUNDLE_IDENTIFIER = net.maqbool.foobarUITests;
				PRODUCT_NAME = "$(TARGET_NAME)";
				SWIFT_EMIT_LOC_STRINGS = NO;
				SWIFT_VERSION = 5.0;
				TARGETED_DEVICE_FAMILY = "1,2";
				TEST_TARGET_NAME = foobar;
			};
			name = Release;
		};
/* End XCBuildConfiguration section */

/* Begin XCConfigurationList section */
		F2187C3927ACE80B00556034 /* Build configuration list for PBXProject "foobar" */ = {
			isa = XCConfigurationList;
			buildConfigurations = (
				F2187C6027ACE80C00556034 /* Debug */,
				F2187C6127ACE80C00556034 /* Release */,
			);
			defaultConfigurationIsVisible = 0;
			defaultConfigurationName = Release;
		};
		F2187C6227ACE80C00556034 /* Build configuration list for PBXNativeTarget "foobar" */ = {
			isa = XCConfigurationList;
			buildConfigurations = (
				F2187C6327ACE80C00556034 /* Debug */,
				F2187C6427ACE80C00556034 /* Release */,
			);
			defaultConfigurationIsVisible = 0;
			defaultConfigurationName = Release;
		};
		F2187C6527ACE80C00556034 /* Build configuration list for PBXNativeTarget "foobarTests" */ = {
			isa = XCConfigurationList;
			buildConfigurations = (
				F2187C6627ACE80C00556034 /* Debug */,
				F2187C6727ACE80C00556034 /* Release */,
			);
			defaultConfigurationIsVisible = 0;
			defaultConfigurationName = Release;
		};
		F2187C6827ACE80C00556034 /* Build configuration list for PBXNativeTarget "foobarUITests" */ = {
			isa = XCConfigurationList;
			buildConfigurations = (
				F2187C6927ACE80C00556034 /* Debug */,
				F2187C6A27ACE80C00556034 /* Release */,
			);
			defaultConfigurationIsVisible = 0;
			defaultConfigurationName = Release;
		};
/* End XCConfigurationList section */
	};
	rootObject = F2187C3627ACE80B00556034 /* Project object */;
}
